
Microsoft Visual Studio Solution File, Format Version 12.00
# Visual Studio Version 17
VisualStudioVersion = 17.14.36518.9 d17.14
MinimumVisualStudioVersion = 10.0.40219.1
Project("{FAE04EC0-301F-11D3-BF4B-00C04F79EFBC}") = "WebApplication43", "WebApplication43.csproj", "{A1168F7E-81B0-40DD-A188-89BC47F5D8BE}"
EndProject
Global
	GlobalSection(SolutionConfigurationPlatforms) = preSolution
		Debug|Any CPU = Debug|Any CPU
		Release|Any CPU = Release|Any CPU
	EndGlobalSection
	GlobalSection(ProjectConfigurationPlatforms) = postSolution
		{A1168F7E-81B0-40DD-A188-89BC47F5D8BE}.Debug|Any CPU.ActiveCfg = Debug|Any CPU
		{A1168F7E-81B0-40DD-A188-89BC47F5D8BE}.Debug|Any CPU.Build.0 = Debug|Any CPU
		{A1168F7E-81B0-40DD-A188-89BC47F5D8BE}.Release|Any CPU.ActiveCfg = Release|Any CPU
		{A1168F7E-81B0-40DD-A188-89BC47F5D8BE}.Release|Any CPU.Build.0 = Release|Any CPU
	EndGlobalSection
	GlobalSection(SolutionProperties) = preSolution
		HideSolutionNode = FALSE
	EndGlobalSection
	GlobalSection(ExtensibilityGlobals) = postSolution
		SolutionGuid = {AFE11C25-F481-44CE-A853-547E19E80954}
	EndGlobalSection
EndGlobal
